
Microsoft Visual Studio Solution File, Format Version 12.00
# Visual Studio Version 17
VisualStudioVersion = 17.0.31903.59
MinimumVisualStudioVersion = 10.0.40219.1
Project("{2150E333-8FDC-42A3-9474-1A3956D46DE8}") = "src", "src", "{40F05D6D-996B-41CC-8D48-BA3DEC31D3B2}"
EndProject
Project("{2150E333-8FDC-42A3-9474-1A3956D46DE8}") = "Board", "Board", "{33FD560F-3014-4FEE-A290-9B949CFDC14B}"
EndProject
Project("{2150E333-8FDC-42A3-9474-1A3956D46DE8}") = "Common", "Common", "{F98E88A7-5A68-4DFB-8F05-A5DDF935B559}"
EndProject
Project("{2150E333-8FDC-42A3-9474-1A3956D46DE8}") = "Application", "Application", "{EB29717B-20B7-4D52-9B2B-C0E690DEF492}"
EndProject
Project("{2150E333-8FDC-42A3-9474-1A3956D46DE8}") = "Contracts", "Contracts", "{F671E1D1-D9CE-4DCD-9AB9-C8A3978074D4}"
EndProject
Project("{2150E333-8FDC-42A3-9474-1A3956D46DE8}") = "Domain", "Domain", "{7301CF28-7FEB-45C6-9A39-2B6C5C62D08F}"
EndProject
Project("{2150E333-8FDC-42A3-9474-1A3956D46DE8}") = "Host", "Host", "{D5FE0B8D-6905-4367-B035-0F5CE8A53F0F}"
EndProject
Project("{2150E333-8FDC-42A3-9474-1A3956D46DE8}") = "Infrastructure", "Infrastructure", "{23418AEE-D160-4615-AE08-9D03AAEE8A65}"
EndProject
Project("{FAE04EC0-301F-11D3-BF4B-00C04F79EFBC}") = "Board.Application.AppData", "src\Board\Application\Board.Application.AppData\Board.Application.AppData.csproj", "{DA15B69B-814D-467F-AF81-49617BA696DB}"
EndProject
Project("{FAE04EC0-301F-11D3-BF4B-00C04F79EFBC}") = "Board.Contracts", "src\Board\Contracts\Board.Contracts\Board.Contracts.csproj", "{B1B157BF-746F-4DA6-BEFE-D83973A8641A}"
EndProject
Project("{FAE04EC0-301F-11D3-BF4B-00C04F79EFBC}") = "Board.Domain", "src\Board\Domain\Board.Domain\Board.Domain.csproj", "{34CB1B45-68FB-404A-8B4B-CA4CCE3C1165}"
EndProject
Project("{FAE04EC0-301F-11D3-BF4B-00C04F79EFBC}") = "Board.Infrastructure", "src\Board\Infrastructure\Board.Infrastructure\Board.Infrastructure.csproj", "{899A0D73-5B30-4069-906F-BB50870F7E6E}"
EndProject
Project("{FAE04EC0-301F-11D3-BF4B-00C04F79EFBC}") = "Board.Infrastructure.DataAccess", "src\Board\Infrastructure\Board.Infrastructure.DataAccess\Board.Infrastructure.DataAccess.csproj", "{876868C0-F46D-4CD1-B156-B93F22FFCA64}"
EndProject
Project("{FAE04EC0-301F-11D3-BF4B-00C04F79EFBC}") = "Board.Host.Api", "src\Board\Host\Board.Host.Api\Board.Host.Api.csproj", "{D5F5F308-85B7-49EF-9FC6-EDB1DB7AA207}"
EndProject
Global
	GlobalSection(SolutionConfigurationPlatforms) = preSolution
		Debug|Any CPU = Debug|Any CPU
		Release|Any CPU = Release|Any CPU
	EndGlobalSection
	GlobalSection(SolutionProperties) = preSolution
		HideSolutionNode = FALSE
	EndGlobalSection
	GlobalSection(ProjectConfigurationPlatforms) = postSolution
		{DA15B69B-814D-467F-AF81-49617BA696DB}.Debug|Any CPU.ActiveCfg = Debug|Any CPU
		{DA15B69B-814D-467F-AF81-49617BA696DB}.Debug|Any CPU.Build.0 = Debug|Any CPU
		{DA15B69B-814D-467F-AF81-49617BA696DB}.Release|Any CPU.ActiveCfg = Release|Any CPU
		{DA15B69B-814D-467F-AF81-49617BA696DB}.Release|Any CPU.Build.0 = Release|Any CPU
		{B1B157BF-746F-4DA6-BEFE-D83973A8641A}.Debug|Any CPU.ActiveCfg = Debug|Any CPU
		{B1B157BF-746F-4DA6-BEFE-D83973A8641A}.Debug|Any CPU.Build.0 = Debug|Any CPU
		{B1B157BF-746F-4DA6-BEFE-D83973A8641A}.Release|Any CPU.ActiveCfg = Release|Any CPU
		{B1B157BF-746F-4DA6-BEFE-D83973A8641A}.Release|Any CPU.Build.0 = Release|Any CPU
		{34CB1B45-68FB-404A-8B4B-CA4CCE3C1165}.Debug|Any CPU.ActiveCfg = Debug|Any CPU
		{34CB1B45-68FB-404A-8B4B-CA4CCE3C1165}.Debug|Any CPU.Build.0 = Debug|Any CPU
		{34CB1B45-68FB-404A-8B4B-CA4CCE3C1165}.Release|Any CPU.ActiveCfg = Release|Any CPU
		{34CB1B45-68FB-404A-8B4B-CA4CCE3C1165}.Release|Any CPU.Build.0 = Release|Any CPU
		{899A0D73-5B30-4069-906F-BB50870F7E6E}.Debug|Any CPU.ActiveCfg = Debug|Any CPU
		{899A0D73-5B30-4069-906F-BB50870F7E6E}.Debug|Any CPU.Build.0 = Debug|Any CPU
		{899A0D73-5B30-4069-906F-BB50870F7E6E}.Release|Any CPU.ActiveCfg = Release|Any CPU
		{899A0D73-5B30-4069-906F-BB50870F7E6E}.Release|Any CPU.Build.0 = Release|Any CPU
		{876868C0-F46D-4CD1-B156-B93F22FFCA64}.Debug|Any CPU.ActiveCfg = Debug|Any CPU
		{876868C0-F46D-4CD1-B156-B93F22FFCA64}.Debug|Any CPU.Build.0 = Debug|Any CPU
		{876868C0-F46D-4CD1-B156-B93F22FFCA64}.Release|Any CPU.ActiveCfg = Release|Any CPU
		{876868C0-F46D-4CD1-B156-B93F22FFCA64}.Release|Any CPU.Build.0 = Release|Any CPU
		{D5F5F308-85B7-49EF-9FC6-EDB1DB7AA207}.Debug|Any CPU.ActiveCfg = Debug|Any CPU
		{D5F5F308-85B7-49EF-9FC6-EDB1DB7AA207}.Debug|Any CPU.Build.0 = Debug|Any CPU
		{D5F5F308-85B7-49EF-9FC6-EDB1DB7AA207}.Release|Any CPU.ActiveCfg = Release|Any CPU
		{D5F5F308-85B7-49EF-9FC6-EDB1DB7AA207}.Release|Any CPU.Build.0 = Release|Any CPU
	EndGlobalSection
	GlobalSection(NestedProjects) = preSolution
		{23418AEE-D160-4615-AE08-9D03AAEE8A65} = {33FD560F-3014-4FEE-A290-9B949CFDC14B}
		{D5FE0B8D-6905-4367-B035-0F5CE8A53F0F} = {33FD560F-3014-4FEE-A290-9B949CFDC14B}
		{7301CF28-7FEB-45C6-9A39-2B6C5C62D08F} = {33FD560F-3014-4FEE-A290-9B949CFDC14B}
		{F671E1D1-D9CE-4DCD-9AB9-C8A3978074D4} = {33FD560F-3014-4FEE-A290-9B949CFDC14B}
		{EB29717B-20B7-4D52-9B2B-C0E690DEF492} = {33FD560F-3014-4FEE-A290-9B949CFDC14B}
		{F98E88A7-5A68-4DFB-8F05-A5DDF935B559} = {40F05D6D-996B-41CC-8D48-BA3DEC31D3B2}
		{33FD560F-3014-4FEE-A290-9B949CFDC14B} = {40F05D6D-996B-41CC-8D48-BA3DEC31D3B2}
		{DA15B69B-814D-467F-AF81-49617BA696DB} = {EB29717B-20B7-4D52-9B2B-C0E690DEF492}
		{B1B157BF-746F-4DA6-BEFE-D83973A8641A} = {F671E1D1-D9CE-4DCD-9AB9-C8A3978074D4}
		{34CB1B45-68FB-404A-8B4B-CA4CCE3C1165} = {7301CF28-7FEB-45C6-9A39-2B6C5C62D08F}
		{899A0D73-5B30-4069-906F-BB50870F7E6E} = {23418AEE-D160-4615-AE08-9D03AAEE8A65}
		{876868C0-F46D-4CD1-B156-B93F22FFCA64} = {23418AEE-D160-4615-AE08-9D03AAEE8A65}
		{D5F5F308-85B7-49EF-9FC6-EDB1DB7AA207} = {D5FE0B8D-6905-4367-B035-0F5CE8A53F0F}
	EndGlobalSection
EndGlobal
